
Microsoft Visual Studio Solution File, Format Version 12.00
# Visual Studio Version 17
VisualStudioVersion = 17.2.32505.173
MinimumVisualStudioVersion = 10.0.40219.1
Project("{8BC9CEB8-8B4A-11D0-8D11-00A0C91BC942}") = "TestWork", "TestWork\TestWork.vcxproj", "{A74E3DED-1D6B-417E-B899-67582B3E858E}"
EndProject
Global
	GlobalSection(SolutionConfigurationPlatforms) = preSolution
		Debug|x64 = Debug|x64
		Debug|x86 = Debug|x86
		Release|x64 = Release|x64
		Release|x86 = Release|x86
	EndGlobalSection
	GlobalSection(ProjectConfigurationPlatforms) = postSolution
		{A74E3DED-1D6B-417E-B899-67582B3E858E}.Debug|x64.ActiveCfg = Debug|x64
		{A74E3DED-1D6B-417E-B899-67582B3E858E}.Debug|x64.Build.0 = Debug|x64
		{A74E3DED-1D6B-417E-B899-67582B3E858E}.Debug|x86.ActiveCfg = Debug|Win32
		{A74E3DED-1D6B-417E-B899-67582B3E858E}.Debug|x86.Build.0 = Debug|Win32
		{A74E3DED-1D6B-417E-B899-67582B3E858E}.Release|x64.ActiveCfg = Release|x64
		{A74E3DED-1D6B-417E-B899-67582B3E858E}.Release|x64.Build.0 = Release|x64
		{A74E3DED-1D6B-417E-B899-67582B3E858E}.Release|x86.ActiveCfg = Release|Win32
		{A74E3DED-1D6B-417E-B899-67582B3E858E}.Release|x86.Build.0 = Release|Win32
	EndGlobalSection
	GlobalSection(SolutionProperties) = preSolution
		HideSolutionNode = FALSE
	EndGlobalSection
	GlobalSection(ExtensibilityGlobals) = postSolution
		SolutionGuid = {59114E4E-4DE0-4BFA-9901-E597C9E3918F}
	EndGlobalSection
EndGlobal
